
Microsoft Visual Studio Solution File, Format Version 12.00
# Visual Studio 15
VisualStudioVersion = 15.0.28307.271
MinimumVisualStudioVersion = 10.0.40219.1
Project("{FAE04EC0-301F-11D3-BF4B-00C04F79EFBC}") = "Application", "Application\Application.csproj", "{F1AB5B61-1EC9-4E22-9917-86F8FA8FDADD}"
EndProject
Global
	GlobalSection(SolutionConfigurationPlatforms) = preSolution
		Debug|Any CPU = Debug|Any CPU
		Release|Any CPU = Release|Any CPU
	EndGlobalSection
	GlobalSection(ProjectConfigurationPlatforms) = postSolution
		{F1AB5B61-1EC9-4E22-9917-86F8FA8FDADD}.Debug|Any CPU.ActiveCfg = Debug|Any CPU
		{F1AB5B61-1EC9-4E22-9917-86F8FA8FDADD}.Debug|Any CPU.Build.0 = Debug|Any CPU
		{F1AB5B61-1EC9-4E22-9917-86F8FA8FDADD}.Release|Any CPU.ActiveCfg = Release|Any CPU
		{F1AB5B61-1EC9-4E22-9917-86F8FA8FDADD}.Release|Any CPU.Build.0 = Release|Any CPU
	EndGlobalSection
	GlobalSection(SolutionProperties) = preSolution
		HideSolutionNode = FALSE
	EndGlobalSection
	GlobalSection(ExtensibilityGlobals) = postSolution
		SolutionGuid = {4249057E-2DF5-4183-B595-26E7ED1DAAE9}
	EndGlobalSection
EndGlobal
